
Microsoft Visual Studio Solution File, Format Version 12.00
# Visual Studio Version 16
VisualStudioVersion = 16.0.30907.101
MinimumVisualStudioVersion = 10.0.40219.1
Project("{8BC9CEB8-8B4A-11D0-8D11-00A0C91BC942}") = "大一算法题第十一周20210509A", "大一算法题第十一周20210509A\大一算法题第十一周20210509A.vcxproj", "{6602228C-8C1D-4C27-98A5-3F316293EE63}"
EndProject
Global
	GlobalSection(SolutionConfigurationPlatforms) = preSolution
		Debug|x64 = Debug|x64
		Debug|x86 = Debug|x86
		Release|x64 = Release|x64
		Release|x86 = Release|x86
	EndGlobalSection
	GlobalSection(ProjectConfigurationPlatforms) = postSolution
		{6602228C-8C1D-4C27-98A5-3F316293EE63}.Debug|x64.ActiveCfg = Debug|x64
		{6602228C-8C1D-4C27-98A5-3F316293EE63}.Debug|x64.Build.0 = Debug|x64
		{6602228C-8C1D-4C27-98A5-3F316293EE63}.Debug|x86.ActiveCfg = Debug|Win32
		{6602228C-8C1D-4C27-98A5-3F316293EE63}.Debug|x86.Build.0 = Debug|Win32
		{6602228C-8C1D-4C27-98A5-3F316293EE63}.Release|x64.ActiveCfg = Release|x64
		{6602228C-8C1D-4C27-98A5-3F316293EE63}.Release|x64.Build.0 = Release|x64
		{6602228C-8C1D-4C27-98A5-3F316293EE63}.Release|x86.ActiveCfg = Release|Win32
		{6602228C-8C1D-4C27-98A5-3F316293EE63}.Release|x86.Build.0 = Release|Win32
	EndGlobalSection
	GlobalSection(SolutionProperties) = preSolution
		HideSolutionNode = FALSE
	EndGlobalSection
	GlobalSection(ExtensibilityGlobals) = postSolution
		SolutionGuid = {D745031F-F70C-490F-9A75-6606F3C12CD6}
	EndGlobalSection
EndGlobal
